
Microsoft Visual Studio Solution File, Format Version 12.00
# Visual Studio Version 16
VisualStudioVersion = 16.0.30128.74
MinimumVisualStudioVersion = 10.0.40219.1
Project("{8BC9CEB8-8B4A-11D0-8D11-00A0C91BC942}") = "Engine", "Engine\Engine.vcxproj", "{7EA2B1D8-42E4-43A4-B80A-856E4419DB53}"
EndProject
Project("{8BC9CEB8-8B4A-11D0-8D11-00A0C91BC942}") = "PSVita_Test", "PSVita_Test\PSVita_Test.vcxproj", "{9747DE3B-9E2A-45E4-A5B1-C2A92AFC85C4}"
EndProject
Project("{8BC9CEB8-8B4A-11D0-8D11-00A0C91BC942}") = "TestProj", "TestProj\TestProj.vcxproj", "{C934335E-785C-4956-8913-332018AFC956}"
	ProjectSection(ProjectDependencies) = postProject
		{7EA2B1D8-42E4-43A4-B80A-856E4419DB53} = {7EA2B1D8-42E4-43A4-B80A-856E4419DB53}
	EndProjectSection
EndProject
Project("{8BC9CEB8-8B4A-11D0-8D11-00A0C91BC942}") = "Editor", "Editor\Editor.vcxproj", "{4D16A10C-F0AF-4487-804A-37300FF29066}"
EndProject
Global
	GlobalSection(SolutionConfigurationPlatforms) = preSolution
		Debug|x64 = Debug|x64
		Debug|x86 = Debug|x86
		Release|x64 = Release|x64
		Release|x86 = Release|x86
	EndGlobalSection
	GlobalSection(ProjectConfigurationPlatforms) = postSolution
		{7EA2B1D8-42E4-43A4-B80A-856E4419DB53}.Debug|x64.ActiveCfg = Debug|x64
		{7EA2B1D8-42E4-43A4-B80A-856E4419DB53}.Debug|x64.Build.0 = Debug|x64
		{7EA2B1D8-42E4-43A4-B80A-856E4419DB53}.Debug|x86.ActiveCfg = Debug|Win32
		{7EA2B1D8-42E4-43A4-B80A-856E4419DB53}.Debug|x86.Build.0 = Debug|Win32
		{7EA2B1D8-42E4-43A4-B80A-856E4419DB53}.Release|x64.ActiveCfg = Release|x64
		{7EA2B1D8-42E4-43A4-B80A-856E4419DB53}.Release|x64.Build.0 = Release|x64
		{7EA2B1D8-42E4-43A4-B80A-856E4419DB53}.Release|x86.ActiveCfg = Release|Win32
		{7EA2B1D8-42E4-43A4-B80A-856E4419DB53}.Release|x86.Build.0 = Release|Win32
		{9747DE3B-9E2A-45E4-A5B1-C2A92AFC85C4}.Debug|x64.ActiveCfg = Debug|x64
		{9747DE3B-9E2A-45E4-A5B1-C2A92AFC85C4}.Debug|x64.Build.0 = Debug|x64
		{9747DE3B-9E2A-45E4-A5B1-C2A92AFC85C4}.Debug|x86.ActiveCfg = Debug|Win32
		{9747DE3B-9E2A-45E4-A5B1-C2A92AFC85C4}.Debug|x86.Build.0 = Debug|Win32
		{9747DE3B-9E2A-45E4-A5B1-C2A92AFC85C4}.Release|x64.ActiveCfg = Release|x64
		{9747DE3B-9E2A-45E4-A5B1-C2A92AFC85C4}.Release|x64.Build.0 = Release|x64
		{9747DE3B-9E2A-45E4-A5B1-C2A92AFC85C4}.Release|x86.ActiveCfg = Release|Win32
		{9747DE3B-9E2A-45E4-A5B1-C2A92AFC85C4}.Release|x86.Build.0 = Release|Win32
		{C934335E-785C-4956-8913-332018AFC956}.Debug|x64.ActiveCfg = Debug|x64
		{C934335E-785C-4956-8913-332018AFC956}.Debug|x64.Build.0 = Debug|x64
		{C934335E-785C-4956-8913-332018AFC956}.Debug|x86.ActiveCfg = Debug|Win32
		{C934335E-785C-4956-8913-332018AFC956}.Debug|x86.Build.0 = Debug|Win32
		{C934335E-785C-4956-8913-332018AFC956}.Release|x64.ActiveCfg = Release|x64
		{C934335E-785C-4956-8913-332018AFC956}.Release|x64.Build.0 = Release|x64
		{C934335E-785C-4956-8913-332018AFC956}.Release|x86.ActiveCfg = Release|Win32
		{C934335E-785C-4956-8913-332018AFC956}.Release|x86.Build.0 = Release|Win32
		{4D16A10C-F0AF-4487-804A-37300FF29066}.Debug|x64.ActiveCfg = Debug|x64
		{4D16A10C-F0AF-4487-804A-37300FF29066}.Debug|x64.Build.0 = Debug|x64
		{4D16A10C-F0AF-4487-804A-37300FF29066}.Debug|x86.ActiveCfg = Debug|Win32
		{4D16A10C-F0AF-4487-804A-37300FF29066}.Debug|x86.Build.0 = Debug|Win32
		{4D16A10C-F0AF-4487-804A-37300FF29066}.Release|x64.ActiveCfg = Release|x64
		{4D16A10C-F0AF-4487-804A-37300FF29066}.Release|x64.Build.0 = Release|x64
		{4D16A10C-F0AF-4487-804A-37300FF29066}.Release|x86.ActiveCfg = Release|Win32
		{4D16A10C-F0AF-4487-804A-37300FF29066}.Release|x86.Build.0 = Release|Win32
	EndGlobalSection
	GlobalSection(SolutionProperties) = preSolution
		HideSolutionNode = FALSE
	EndGlobalSection
	GlobalSection(ExtensibilityGlobals) = postSolution
		SolutionGuid = {80B01542-28ED-452C-AD90-622BFDAC1B3F}
	EndGlobalSection
	GlobalSection(Performance) = preSolution
		HasPerformanceSessions = true
	EndGlobalSection
	GlobalSection(Performance) = preSolution
		HasPerformanceSessions = true
	EndGlobalSection
EndGlobal
